
Microsoft Visual Studio Solution File, Format Version 12.00
# Visual Studio 15
VisualStudioVersion = 15.0.28307.421
MinimumVisualStudioVersion = 10.0.40219.1
Project("{FAE04EC0-301F-11D3-BF4B-00C04F79EFBC}") = "Dijkstra's algorithm", "Dijkstra's algorithm\Dijkstra's algorithm.csproj", "{369E5E9D-4C64-4E80-87C9-BEFA7B0AB077}"
EndProject
Global
	GlobalSection(SolutionConfigurationPlatforms) = preSolution
		Debug|Any CPU = Debug|Any CPU
		Release|Any CPU = Release|Any CPU
	EndGlobalSection
	GlobalSection(ProjectConfigurationPlatforms) = postSolution
		{369E5E9D-4C64-4E80-87C9-BEFA7B0AB077}.Debug|Any CPU.ActiveCfg = Debug|Any CPU
		{369E5E9D-4C64-4E80-87C9-BEFA7B0AB077}.Debug|Any CPU.Build.0 = Debug|Any CPU
		{369E5E9D-4C64-4E80-87C9-BEFA7B0AB077}.Release|Any CPU.ActiveCfg = Release|Any CPU
		{369E5E9D-4C64-4E80-87C9-BEFA7B0AB077}.Release|Any CPU.Build.0 = Release|Any CPU
	EndGlobalSection
	GlobalSection(SolutionProperties) = preSolution
		HideSolutionNode = FALSE
	EndGlobalSection
	GlobalSection(ExtensibilityGlobals) = postSolution
		SolutionGuid = {6A5A1040-2552-47BC-AFDB-F69E90894C57}
	EndGlobalSection
EndGlobal
